
Microsoft Visual Studio Solution File, Format Version 12.00
# Visual Studio Version 16
VisualStudioVersion = 16.0.30611.23
MinimumVisualStudioVersion = 10.0.40219.1
Project("{FAE04EC0-301F-11D3-BF4B-00C04F79EFBC}") = "FriendsByForce", "FriendsByForce.csproj", "{8C035D62-D1BA-466D-99A3-BFD0483A76BE}"
EndProject
Global
	GlobalSection(SolutionConfigurationPlatforms) = preSolution
		Debug|Any CPU = Debug|Any CPU
		Release|Any CPU = Release|Any CPU
	EndGlobalSection
	GlobalSection(ProjectConfigurationPlatforms) = postSolution
		{8C035D62-D1BA-466D-99A3-BFD0483A76BE}.Debug|Any CPU.ActiveCfg = Debug|Any CPU
		{8C035D62-D1BA-466D-99A3-BFD0483A76BE}.Debug|Any CPU.Build.0 = Debug|Any CPU
		{8C035D62-D1BA-466D-99A3-BFD0483A76BE}.Release|Any CPU.ActiveCfg = Release|Any CPU
		{8C035D62-D1BA-466D-99A3-BFD0483A76BE}.Release|Any CPU.Build.0 = Release|Any CPU
	EndGlobalSection
	GlobalSection(SolutionProperties) = preSolution
		HideSolutionNode = FALSE
	EndGlobalSection
	GlobalSection(ExtensibilityGlobals) = postSolution
		SolutionGuid = {B7A240E1-F996-4AA4-B7FC-9288FBB0BEF4}
	EndGlobalSection
EndGlobal
